
Microsoft Visual Studio Solution File, Format Version 12.00
# Visual Studio Version 16
VisualStudioVersion = 16.0.31515.178
MinimumVisualStudioVersion = 10.0.40219.1
Project("{FAE04EC0-301F-11D3-BF4B-00C04F79EFBC}") = "Formulario_MDI_y_formularios_secundarios", "Formulario_MDI_y_formularios_secundarios\Formulario_MDI_y_formularios_secundarios.csproj", "{8E96E8A2-FCA1-4BE2-B7B2-A4801090EAB3}"
EndProject
Global
	GlobalSection(SolutionConfigurationPlatforms) = preSolution
		Debug|Any CPU = Debug|Any CPU
		Release|Any CPU = Release|Any CPU
	EndGlobalSection
	GlobalSection(ProjectConfigurationPlatforms) = postSolution
		{8E96E8A2-FCA1-4BE2-B7B2-A4801090EAB3}.Debug|Any CPU.ActiveCfg = Debug|Any CPU
		{8E96E8A2-FCA1-4BE2-B7B2-A4801090EAB3}.Debug|Any CPU.Build.0 = Debug|Any CPU
		{8E96E8A2-FCA1-4BE2-B7B2-A4801090EAB3}.Release|Any CPU.ActiveCfg = Release|Any CPU
		{8E96E8A2-FCA1-4BE2-B7B2-A4801090EAB3}.Release|Any CPU.Build.0 = Release|Any CPU
	EndGlobalSection
	GlobalSection(SolutionProperties) = preSolution
		HideSolutionNode = FALSE
	EndGlobalSection
	GlobalSection(ExtensibilityGlobals) = postSolution
		SolutionGuid = {0AFD11A0-FA84-4E89-9721-5CA58CB0192C}
	EndGlobalSection
EndGlobal
